
Microsoft Visual Studio Solution File, Format Version 12.00
# Visual Studio Version 16
VisualStudioVersion = 16.0.29613.14
MinimumVisualStudioVersion = 10.0.40219.1
Project("{8BC9CEB8-8B4A-11D0-8D11-00A0C91BC942}") = "Lab4A", "Lab4A\Lab4A.vcxproj", "{6B609F36-15BE-42BB-AFE0-D8AAB3EB461D}"
EndProject
Global
	GlobalSection(SolutionConfigurationPlatforms) = preSolution
		Debug|x64 = Debug|x64
		Debug|x86 = Debug|x86
		Release|x64 = Release|x64
		Release|x86 = Release|x86
	EndGlobalSection
	GlobalSection(ProjectConfigurationPlatforms) = postSolution
		{6B609F36-15BE-42BB-AFE0-D8AAB3EB461D}.Debug|x64.ActiveCfg = Debug|x64
		{6B609F36-15BE-42BB-AFE0-D8AAB3EB461D}.Debug|x64.Build.0 = Debug|x64
		{6B609F36-15BE-42BB-AFE0-D8AAB3EB461D}.Debug|x86.ActiveCfg = Debug|Win32
		{6B609F36-15BE-42BB-AFE0-D8AAB3EB461D}.Debug|x86.Build.0 = Debug|Win32
		{6B609F36-15BE-42BB-AFE0-D8AAB3EB461D}.Release|x64.ActiveCfg = Release|x64
		{6B609F36-15BE-42BB-AFE0-D8AAB3EB461D}.Release|x64.Build.0 = Release|x64
		{6B609F36-15BE-42BB-AFE0-D8AAB3EB461D}.Release|x86.ActiveCfg = Release|Win32
		{6B609F36-15BE-42BB-AFE0-D8AAB3EB461D}.Release|x86.Build.0 = Release|Win32
	EndGlobalSection
	GlobalSection(SolutionProperties) = preSolution
		HideSolutionNode = FALSE
	EndGlobalSection
	GlobalSection(ExtensibilityGlobals) = postSolution
		SolutionGuid = {F5085D02-1DC3-4CAF-920F-613E67BE6240}
	EndGlobalSection
EndGlobal
