
Microsoft Visual Studio Solution File, Format Version 12.00
# Visual Studio Version 16
VisualStudioVersion = 16.0.29613.14
MinimumVisualStudioVersion = 10.0.40219.1
Project("{8BC9CEB8-8B4A-11D0-8D11-00A0C91BC942}") = "MaxHeap", "MaxHeap\MaxHeap.vcxproj", "{8A29E129-9884-438E-9FAB-67AF0C3B5B3B}"
EndProject
Global
	GlobalSection(SolutionConfigurationPlatforms) = preSolution
		Debug|x64 = Debug|x64
		Debug|x86 = Debug|x86
		Release|x64 = Release|x64
		Release|x86 = Release|x86
	EndGlobalSection
	GlobalSection(ProjectConfigurationPlatforms) = postSolution
		{8A29E129-9884-438E-9FAB-67AF0C3B5B3B}.Debug|x64.ActiveCfg = Debug|x64
		{8A29E129-9884-438E-9FAB-67AF0C3B5B3B}.Debug|x64.Build.0 = Debug|x64
		{8A29E129-9884-438E-9FAB-67AF0C3B5B3B}.Debug|x86.ActiveCfg = Debug|Win32
		{8A29E129-9884-438E-9FAB-67AF0C3B5B3B}.Debug|x86.Build.0 = Debug|Win32
		{8A29E129-9884-438E-9FAB-67AF0C3B5B3B}.Release|x64.ActiveCfg = Release|x64
		{8A29E129-9884-438E-9FAB-67AF0C3B5B3B}.Release|x64.Build.0 = Release|x64
		{8A29E129-9884-438E-9FAB-67AF0C3B5B3B}.Release|x86.ActiveCfg = Release|Win32
		{8A29E129-9884-438E-9FAB-67AF0C3B5B3B}.Release|x86.Build.0 = Release|Win32
	EndGlobalSection
	GlobalSection(SolutionProperties) = preSolution
		HideSolutionNode = FALSE
	EndGlobalSection
	GlobalSection(ExtensibilityGlobals) = postSolution
		SolutionGuid = {3C2B38F5-6C67-43CD-855F-03AB8C33BCAC}
	EndGlobalSection
EndGlobal
